
Microsoft Visual Studio Solution File, Format Version 12.00
# Visual Studio Version 16
VisualStudioVersion = 16.0.32002.261
MinimumVisualStudioVersion = 10.0.40219.1
Project("{FAE04EC0-301F-11D3-BF4B-00C04F79EFBC}") = "Vasutihalozatok", "Vasutihalozatok\Vasutihalozatok.csproj", "{C4E5F982-D128-4A37-B653-085FA4EED524}"
EndProject
Project("{FAE04EC0-301F-11D3-BF4B-00C04F79EFBC}") = "admin", "admin\admin.csproj", "{B2BE3B79-4DA0-419E-9B8D-14AA5673550B}"
EndProject
Project("{FAE04EC0-301F-11D3-BF4B-00C04F79EFBC}") = "user", "user\user.csproj", "{989820D0-99EE-4DBA-A60E-D47CD4D126B4}"
EndProject
Global
	GlobalSection(SolutionConfigurationPlatforms) = preSolution
		Debug|Any CPU = Debug|Any CPU
		Release|Any CPU = Release|Any CPU
	EndGlobalSection
	GlobalSection(ProjectConfigurationPlatforms) = postSolution
		{C4E5F982-D128-4A37-B653-085FA4EED524}.Debug|Any CPU.ActiveCfg = Debug|Any CPU
		{C4E5F982-D128-4A37-B653-085FA4EED524}.Debug|Any CPU.Build.0 = Debug|Any CPU
		{C4E5F982-D128-4A37-B653-085FA4EED524}.Release|Any CPU.ActiveCfg = Release|Any CPU
		{C4E5F982-D128-4A37-B653-085FA4EED524}.Release|Any CPU.Build.0 = Release|Any CPU
		{B2BE3B79-4DA0-419E-9B8D-14AA5673550B}.Debug|Any CPU.ActiveCfg = Debug|Any CPU
		{B2BE3B79-4DA0-419E-9B8D-14AA5673550B}.Debug|Any CPU.Build.0 = Debug|Any CPU
		{B2BE3B79-4DA0-419E-9B8D-14AA5673550B}.Release|Any CPU.ActiveCfg = Release|Any CPU
		{B2BE3B79-4DA0-419E-9B8D-14AA5673550B}.Release|Any CPU.Build.0 = Release|Any CPU
		{989820D0-99EE-4DBA-A60E-D47CD4D126B4}.Debug|Any CPU.ActiveCfg = Debug|Any CPU
		{989820D0-99EE-4DBA-A60E-D47CD4D126B4}.Debug|Any CPU.Build.0 = Debug|Any CPU
		{989820D0-99EE-4DBA-A60E-D47CD4D126B4}.Release|Any CPU.ActiveCfg = Release|Any CPU
		{989820D0-99EE-4DBA-A60E-D47CD4D126B4}.Release|Any CPU.Build.0 = Release|Any CPU
	EndGlobalSection
	GlobalSection(SolutionProperties) = preSolution
		HideSolutionNode = FALSE
	EndGlobalSection
	GlobalSection(ExtensibilityGlobals) = postSolution
		SolutionGuid = {F2A487DF-9C0C-44F8-AAAC-1086DFB1CCF7}
	EndGlobalSection
EndGlobal
